Microsoft Visual Studio Solution File, Format Version 12.00
# Copyright 2026 Stephan Schlöpke
# SPDX-License-Identifier: Apache-2.0
VisualStudioVersion = 17.0.31903.59
MinimumVisualStudioVersion = 10.0.40219.1
Project("{2150E333-8FDC-42A3-9474-1A3956D46DE8}") = "implementation", "implementation", "{3754403B-BDFD-5629-8A91-4A0D7134CE11}"
EndProject
Project("{2150E333-8FDC-42A3-9474-1A3956D46DE8}") = "csharp", "csharp", "{0D6FB8FF-B66B-5DBB-9E25-1C48D414F1C9}"
EndProject
Project("{2150E333-8FDC-42A3-9474-1A3956D46DE8}") = "GameEventScript.Runtime", "GameEventScript.Runtime", "{8D36ABBF-9F53-52F9-B14B-03071646DCC9}"
EndProject
Project("{FAE04EC0-301F-11D3-BF4B-00C04F79EFBC}") = "GameEventScript.Runtime", "implementation\csharp\GameEventScript.Runtime\src\GameEventScript.Runtime.csproj", "{2E43DDEB-85D7-40A2-BC6F-32BB12029CEC}"
EndProject
Project("{FAE04EC0-301F-11D3-BF4B-00C04F79EFBC}") = "GameEventScript.Runtime.Tests", "implementation\csharp\GameEventScript.Runtime\tests\GameEventScript.Runtime.Tests.csproj", "{3F940E4C-403D-53BF-AC64-27CD2D6B6B5B}"
EndProject
Project("{2150E333-8FDC-42A3-9474-1A3956D46DE8}") = "GameEventScript.Compiler", "GameEventScript.Compiler", "{738F998A-49CB-5D99-907A-45DBA317CE35}"
EndProject
Project("{FAE04EC0-301F-11D3-BF4B-00C04F79EFBC}") = "GameEventScript.Compiler", "implementation\csharp\GameEventScript.Compiler\src\GameEventScript.Compiler.csproj", "{4AE4075C-E445-4A73-BDEB-9DFE3B2D4771}"
EndProject
Project("{FAE04EC0-301F-11D3-BF4B-00C04F79EFBC}") = "GameEventScript.Compiler.Tests", "implementation\csharp\GameEventScript.Compiler\tests\GameEventScript.Compiler.Tests.csproj", "{D430A3B8-AD46-505E-98C0-2EDC023742BA}"
EndProject
Project("{2150E333-8FDC-42A3-9474-1A3956D46DE8}") = "GameEventScript.CSharpBridge", "GameEventScript.CSharpBridge", "{60BFF45D-AC0A-515A-9EB3-02BA3838B261}"
EndProject
Project("{FAE04EC0-301F-11D3-BF4B-00C04F79EFBC}") = "GameEventScript.CSharpBridge", "implementation\csharp\GameEventScript.CSharpBridge\src\GameEventScript.CSharpBridge.csproj", "{7C746E04-7258-4A2E-978E-9C65F1C74689}"
EndProject
Project("{FAE04EC0-301F-11D3-BF4B-00C04F79EFBC}") = "GameEventScript.CSharpBridge.Tests", "implementation\csharp\GameEventScript.CSharpBridge\tests\GameEventScript.CSharpBridge.Tests.csproj", "{F8EB0F8C-D84E-565F-87EF-BE9D494E69D5}"
EndProject
Project("{2150E333-8FDC-42A3-9474-1A3956D46DE8}") = "GameEventScript.Conformance", "GameEventScript.Conformance", "{B0389257-135A-589B-9B19-09740DCE95DE}"
EndProject
Project("{FAE04EC0-301F-11D3-BF4B-00C04F79EFBC}") = "GameEventScript.Conformance", "implementation\csharp\GameEventScript.Conformance\src\GameEventScript.Conformance.csproj", "{95941FB4-E5D4-4AA7-B607-E324F7FA7B31}"
EndProject
Project("{FAE04EC0-301F-11D3-BF4B-00C04F79EFBC}") = "GameEventScript.Conformance.Tests", "implementation\csharp\GameEventScript.Conformance\tests\GameEventScript.Conformance.Tests.csproj", "{A0A11ADE-DEA9-5939-A25F-93B8EB83BEA7}"
EndProject
Project("{FAE04EC0-301F-11D3-BF4B-00C04F79EFBC}") = "GameEventScript.Conformance.Worker", "implementation\csharp\GameEventScript.Conformance\worker\GameEventScript.Conformance.Worker.csproj", "{1729A9EB-DE64-414E-886F-3B0B47115067}"
EndProject
Project("{2150E333-8FDC-42A3-9474-1A3956D46DE8}") = "GameEventScript.Tool", "GameEventScript.Tool", "{1B2C301D-8E67-5506-AC5C-E762D6A8B4D9}"
EndProject
Project("{FAE04EC0-301F-11D3-BF4B-00C04F79EFBC}") = "GameEventScript.Tool", "implementation\csharp\GameEventScript.Tool\src\GameEventScript.Tool.csproj", "{05DFCB99-E7A1-40C5-ACE2-A6F3E6924492}"
EndProject
Project("{FAE04EC0-301F-11D3-BF4B-00C04F79EFBC}") = "GameEventScript.Tool.Tests", "implementation\csharp\GameEventScript.Tool\tests\GameEventScript.Tool.Tests.csproj", "{1953C2A6-88A9-596C-A360-C6838F2C55A1}"
EndProject
Project("{2150E333-8FDC-42A3-9474-1A3956D46DE8}") = "verification", "verification", "{D59B7EEC-1A59-5800-9CA8-A46A3399B30A}"
EndProject
Project("{FAE04EC0-301F-11D3-BF4B-00C04F79EFBC}") = "GameEventScript.Repository.Tests", "implementation\csharp\verification\GameEventScript.Repository.Tests\GameEventScript.Repository.Tests.csproj", "{1EDB9439-2A86-4B42-8C8A-7EA0B7703148}"
EndProject
Project("{FAE04EC0-301F-11D3-BF4B-00C04F79EFBC}") = "GameEventScript.RuntimeConsumer", "implementation\csharp\verification\GameEventScript.RuntimeConsumer\GameEventScript.RuntimeConsumer.csproj", "{0D9AAC70-E702-4CDB-B01B-86EA798FD368}"
EndProject
Project("{FAE04EC0-301F-11D3-BF4B-00C04F79EFBC}") = "GameEventScript.PackageTool", "implementation\csharp\verification\GameEventScript.PackageTool\GameEventScript.PackageTool.csproj", "{E1934447-E8C7-4FEE-8BC0-D9BEE3285C0F}"
EndProject
Global
	GlobalSection(SolutionConfigurationPlatforms) = preSolution
		Debug|Any CPU = Debug|Any CPU
		Debug|x64 = Debug|x64
		Debug|x86 = Debug|x86
		Release|Any CPU = Release|Any CPU
		Release|x64 = Release|x64
		Release|x86 = Release|x86
	EndGlobalSection
	GlobalSection(ProjectConfigurationPlatforms) = postSolution
		{2E43DDEB-85D7-40A2-BC6F-32BB12029CEC}.Debug|Any CPU.ActiveCfg = Debug|Any CPU
		{2E43DDEB-85D7-40A2-BC6F-32BB12029CEC}.Debug|Any CPU.Build.0 = Debug|Any CPU
		{2E43DDEB-85D7-40A2-BC6F-32BB12029CEC}.Debug|x64.ActiveCfg = Debug|Any CPU
		{2E43DDEB-85D7-40A2-BC6F-32BB12029CEC}.Debug|x64.Build.0 = Debug|Any CPU
		{2E43DDEB-85D7-40A2-BC6F-32BB12029CEC}.Debug|x86.ActiveCfg = Debug|Any CPU
		{2E43DDEB-85D7-40A2-BC6F-32BB12029CEC}.Debug|x86.Build.0 = Debug|Any CPU
		{2E43DDEB-85D7-40A2-BC6F-32BB12029CEC}.Release|Any CPU.ActiveCfg = Release|Any CPU
		{2E43DDEB-85D7-40A2-BC6F-32BB12029CEC}.Release|Any CPU.Build.0 = Release|Any CPU
		{2E43DDEB-85D7-40A2-BC6F-32BB12029CEC}.Release|x64.ActiveCfg = Release|Any CPU
		{2E43DDEB-85D7-40A2-BC6F-32BB12029CEC}.Release|x64.Build.0 = Release|Any CPU
		{2E43DDEB-85D7-40A2-BC6F-32BB12029CEC}.Release|x86.ActiveCfg = Release|Any CPU
		{2E43DDEB-85D7-40A2-BC6F-32BB12029CEC}.Release|x86.Build.0 = Release|Any CPU
		{3F940E4C-403D-53BF-AC64-27CD2D6B6B5B}.Debug|Any CPU.ActiveCfg = Debug|Any CPU
		{3F940E4C-403D-53BF-AC64-27CD2D6B6B5B}.Debug|Any CPU.Build.0 = Debug|Any CPU
		{3F940E4C-403D-53BF-AC64-27CD2D6B6B5B}.Debug|x64.ActiveCfg = Debug|Any CPU
		{3F940E4C-403D-53BF-AC64-27CD2D6B6B5B}.Debug|x64.Build.0 = Debug|Any CPU
		{3F940E4C-403D-53BF-AC64-27CD2D6B6B5B}.Debug|x86.ActiveCfg = Debug|Any CPU
		{3F940E4C-403D-53BF-AC64-27CD2D6B6B5B}.Debug|x86.Build.0 = Debug|Any CPU
		{3F940E4C-403D-53BF-AC64-27CD2D6B6B5B}.Release|Any CPU.ActiveCfg = Release|Any CPU
		{3F940E4C-403D-53BF-AC64-27CD2D6B6B5B}.Release|Any CPU.Build.0 = Release|Any CPU
		{3F940E4C-403D-53BF-AC64-27CD2D6B6B5B}.Release|x64.ActiveCfg = Release|Any CPU
		{3F940E4C-403D-53BF-AC64-27CD2D6B6B5B}.Release|x64.Build.0 = Release|Any CPU
		{3F940E4C-403D-53BF-AC64-27CD2D6B6B5B}.Release|x86.ActiveCfg = Release|Any CPU
		{3F940E4C-403D-53BF-AC64-27CD2D6B6B5B}.Release|x86.Build.0 = Release|Any CPU
		{4AE4075C-E445-4A73-BDEB-9DFE3B2D4771}.Debug|Any CPU.ActiveCfg = Debug|Any CPU
		{4AE4075C-E445-4A73-BDEB-9DFE3B2D4771}.Debug|Any CPU.Build.0 = Debug|Any CPU
		{4AE4075C-E445-4A73-BDEB-9DFE3B2D4771}.Debug|x64.ActiveCfg = Debug|Any CPU
		{4AE4075C-E445-4A73-BDEB-9DFE3B2D4771}.Debug|x64.Build.0 = Debug|Any CPU
		{4AE4075C-E445-4A73-BDEB-9DFE3B2D4771}.Debug|x86.ActiveCfg = Debug|Any CPU
		{4AE4075C-E445-4A73-BDEB-9DFE3B2D4771}.Debug|x86.Build.0 = Debug|Any CPU
		{4AE4075C-E445-4A73-BDEB-9DFE3B2D4771}.Release|Any CPU.ActiveCfg = Release|Any CPU
		{4AE4075C-E445-4A73-BDEB-9DFE3B2D4771}.Release|Any CPU.Build.0 = Release|Any CPU
		{4AE4075C-E445-4A73-BDEB-9DFE3B2D4771}.Release|x64.ActiveCfg = Release|Any CPU
		{4AE4075C-E445-4A73-BDEB-9DFE3B2D4771}.Release|x64.Build.0 = Release|Any CPU
		{4AE4075C-E445-4A73-BDEB-9DFE3B2D4771}.Release|x86.ActiveCfg = Release|Any CPU
		{4AE4075C-E445-4A73-BDEB-9DFE3B2D4771}.Release|x86.Build.0 = Release|Any CPU
		{D430A3B8-AD46-505E-98C0-2EDC023742BA}.Debug|Any CPU.ActiveCfg = Debug|Any CPU
		{D430A3B8-AD46-505E-98C0-2EDC023742BA}.Debug|Any CPU.Build.0 = Debug|Any CPU
		{D430A3B8-AD46-505E-98C0-2EDC023742BA}.Debug|x64.ActiveCfg = Debug|Any CPU
		{D430A3B8-AD46-505E-98C0-2EDC023742BA}.Debug|x64.Build.0 = Debug|Any CPU
		{D430A3B8-AD46-505E-98C0-2EDC023742BA}.Debug|x86.ActiveCfg = Debug|Any CPU
		{D430A3B8-AD46-505E-98C0-2EDC023742BA}.Debug|x86.Build.0 = Debug|Any CPU
		{D430A3B8-AD46-505E-98C0-2EDC023742BA}.Release|Any CPU.ActiveCfg = Release|Any CPU
		{D430A3B8-AD46-505E-98C0-2EDC023742BA}.Release|Any CPU.Build.0 = Release|Any CPU
		{D430A3B8-AD46-505E-98C0-2EDC023742BA}.Release|x64.ActiveCfg = Release|Any CPU
		{D430A3B8-AD46-505E-98C0-2EDC023742BA}.Release|x64.Build.0 = Release|Any CPU
		{D430A3B8-AD46-505E-98C0-2EDC023742BA}.Release|x86.ActiveCfg = Release|Any CPU
		{D430A3B8-AD46-505E-98C0-2EDC023742BA}.Release|x86.Build.0 = Release|Any CPU
		{7C746E04-7258-4A2E-978E-9C65F1C74689}.Debug|Any CPU.ActiveCfg = Debug|Any CPU
		{7C746E04-7258-4A2E-978E-9C65F1C74689}.Debug|Any CPU.Build.0 = Debug|Any CPU
		{7C746E04-7258-4A2E-978E-9C65F1C74689}.Debug|x64.ActiveCfg = Debug|Any CPU
		{7C746E04-7258-4A2E-978E-9C65F1C74689}.Debug|x64.Build.0 = Debug|Any CPU
		{7C746E04-7258-4A2E-978E-9C65F1C74689}.Debug|x86.ActiveCfg = Debug|Any CPU
		{7C746E04-7258-4A2E-978E-9C65F1C74689}.Debug|x86.Build.0 = Debug|Any CPU
		{7C746E04-7258-4A2E-978E-9C65F1C74689}.Release|Any CPU.ActiveCfg = Release|Any CPU
		{7C746E04-7258-4A2E-978E-9C65F1C74689}.Release|Any CPU.Build.0 = Release|Any CPU
		{7C746E04-7258-4A2E-978E-9C65F1C74689}.Release|x64.ActiveCfg = Release|Any CPU
		{7C746E04-7258-4A2E-978E-9C65F1C74689}.Release|x64.Build.0 = Release|Any CPU
		{7C746E04-7258-4A2E-978E-9C65F1C74689}.Release|x86.ActiveCfg = Release|Any CPU
		{7C746E04-7258-4A2E-978E-9C65F1C74689}.Release|x86.Build.0 = Release|Any CPU
		{F8EB0F8C-D84E-565F-87EF-BE9D494E69D5}.Debug|Any CPU.ActiveCfg = Debug|Any CPU
		{F8EB0F8C-D84E-565F-87EF-BE9D494E69D5}.Debug|Any CPU.Build.0 = Debug|Any CPU
		{F8EB0F8C-D84E-565F-87EF-BE9D494E69D5}.Debug|x64.ActiveCfg = Debug|Any CPU
		{F8EB0F8C-D84E-565F-87EF-BE9D494E69D5}.Debug|x64.Build.0 = Debug|Any CPU
		{F8EB0F8C-D84E-565F-87EF-BE9D494E69D5}.Debug|x86.ActiveCfg = Debug|Any CPU
		{F8EB0F8C-D84E-565F-87EF-BE9D494E69D5}.Debug|x86.Build.0 = Debug|Any CPU
		{F8EB0F8C-D84E-565F-87EF-BE9D494E69D5}.Release|Any CPU.ActiveCfg = Release|Any CPU
		{F8EB0F8C-D84E-565F-87EF-BE9D494E69D5}.Release|Any CPU.Build.0 = Release|Any CPU
		{F8EB0F8C-D84E-565F-87EF-BE9D494E69D5}.Release|x64.ActiveCfg = Release|Any CPU
		{F8EB0F8C-D84E-565F-87EF-BE9D494E69D5}.Release|x64.Build.0 = Release|Any CPU
		{F8EB0F8C-D84E-565F-87EF-BE9D494E69D5}.Release|x86.ActiveCfg = Release|Any CPU
		{F8EB0F8C-D84E-565F-87EF-BE9D494E69D5}.Release|x86.Build.0 = Release|Any CPU
		{95941FB4-E5D4-4AA7-B607-E324F7FA7B31}.Debug|Any CPU.ActiveCfg = Debug|Any CPU
		{95941FB4-E5D4-4AA7-B607-E324F7FA7B31}.Debug|Any CPU.Build.0 = Debug|Any CPU
		{95941FB4-E5D4-4AA7-B607-E324F7FA7B31}.Debug|x64.ActiveCfg = Debug|Any CPU
		{95941FB4-E5D4-4AA7-B607-E324F7FA7B31}.Debug|x64.Build.0 = Debug|Any CPU
		{95941FB4-E5D4-4AA7-B607-E324F7FA7B31}.Debug|x86.ActiveCfg = Debug|Any CPU
		{95941FB4-E5D4-4AA7-B607-E324F7FA7B31}.Debug|x86.Build.0 = Debug|Any CPU
		{95941FB4-E5D4-4AA7-B607-E324F7FA7B31}.Release|Any CPU.ActiveCfg = Release|Any CPU
		{95941FB4-E5D4-4AA7-B607-E324F7FA7B31}.Release|Any CPU.Build.0 = Release|Any CPU
		{95941FB4-E5D4-4AA7-B607-E324F7FA7B31}.Release|x64.ActiveCfg = Release|Any CPU
		{95941FB4-E5D4-4AA7-B607-E324F7FA7B31}.Release|x64.Build.0 = Release|Any CPU
		{95941FB4-E5D4-4AA7-B607-E324F7FA7B31}.Release|x86.ActiveCfg = Release|Any CPU
		{95941FB4-E5D4-4AA7-B607-E324F7FA7B31}.Release|x86.Build.0 = Release|Any CPU
		{A0A11ADE-DEA9-5939-A25F-93B8EB83BEA7}.Debug|Any CPU.ActiveCfg = Debug|Any CPU
		{A0A11ADE-DEA9-5939-A25F-93B8EB83BEA7}.Debug|Any CPU.Build.0 = Debug|Any CPU
		{A0A11ADE-DEA9-5939-A25F-93B8EB83BEA7}.Debug|x64.ActiveCfg = Debug|Any CPU
		{A0A11ADE-DEA9-5939-A25F-93B8EB83BEA7}.Debug|x64.Build.0 = Debug|Any CPU
		{A0A11ADE-DEA9-5939-A25F-93B8EB83BEA7}.Debug|x86.ActiveCfg = Debug|Any CPU
		{A0A11ADE-DEA9-5939-A25F-93B8EB83BEA7}.Debug|x86.Build.0 = Debug|Any CPU
		{A0A11ADE-DEA9-5939-A25F-93B8EB83BEA7}.Release|Any CPU.ActiveCfg = Release|Any CPU
		{A0A11ADE-DEA9-5939-A25F-93B8EB83BEA7}.Release|Any CPU.Build.0 = Release|Any CPU
		{A0A11ADE-DEA9-5939-A25F-93B8EB83BEA7}.Release|x64.ActiveCfg = Release|Any CPU
		{A0A11ADE-DEA9-5939-A25F-93B8EB83BEA7}.Release|x64.Build.0 = Release|Any CPU
		{A0A11ADE-DEA9-5939-A25F-93B8EB83BEA7}.Release|x86.ActiveCfg = Release|Any CPU
		{A0A11ADE-DEA9-5939-A25F-93B8EB83BEA7}.Release|x86.Build.0 = Release|Any CPU
		{1729A9EB-DE64-414E-886F-3B0B47115067}.Debug|Any CPU.ActiveCfg = Debug|Any CPU
		{1729A9EB-DE64-414E-886F-3B0B47115067}.Debug|Any CPU.Build.0 = Debug|Any CPU
		{1729A9EB-DE64-414E-886F-3B0B47115067}.Debug|x64.ActiveCfg = Debug|Any CPU
		{1729A9EB-DE64-414E-886F-3B0B47115067}.Debug|x64.Build.0 = Debug|Any CPU
		{1729A9EB-DE64-414E-886F-3B0B47115067}.Debug|x86.ActiveCfg = Debug|Any CPU
		{1729A9EB-DE64-414E-886F-3B0B47115067}.Debug|x86.Build.0 = Debug|Any CPU
		{1729A9EB-DE64-414E-886F-3B0B47115067}.Release|Any CPU.ActiveCfg = Release|Any CPU
		{1729A9EB-DE64-414E-886F-3B0B47115067}.Release|Any CPU.Build.0 = Release|Any CPU
		{1729A9EB-DE64-414E-886F-3B0B47115067}.Release|x64.ActiveCfg = Release|Any CPU
		{1729A9EB-DE64-414E-886F-3B0B47115067}.Release|x64.Build.0 = Release|Any CPU
		{1729A9EB-DE64-414E-886F-3B0B47115067}.Release|x86.ActiveCfg = Release|Any CPU
		{1729A9EB-DE64-414E-886F-3B0B47115067}.Release|x86.Build.0 = Release|Any CPU
		{05DFCB99-E7A1-40C5-ACE2-A6F3E6924492}.Debug|Any CPU.ActiveCfg = Debug|Any CPU
		{05DFCB99-E7A1-40C5-ACE2-A6F3E6924492}.Debug|Any CPU.Build.0 = Debug|Any CPU
		{05DFCB99-E7A1-40C5-ACE2-A6F3E6924492}.Debug|x64.ActiveCfg = Debug|Any CPU
		{05DFCB99-E7A1-40C5-ACE2-A6F3E6924492}.Debug|x64.Build.0 = Debug|Any CPU
		{05DFCB99-E7A1-40C5-ACE2-A6F3E6924492}.Debug|x86.ActiveCfg = Debug|Any CPU
		{05DFCB99-E7A1-40C5-ACE2-A6F3E6924492}.Debug|x86.Build.0 = Debug|Any CPU
		{05DFCB99-E7A1-40C5-ACE2-A6F3E6924492}.Release|Any CPU.ActiveCfg = Release|Any CPU
		{05DFCB99-E7A1-40C5-ACE2-A6F3E6924492}.Release|Any CPU.Build.0 = Release|Any CPU
		{05DFCB99-E7A1-40C5-ACE2-A6F3E6924492}.Release|x64.ActiveCfg = Release|Any CPU
		{05DFCB99-E7A1-40C5-ACE2-A6F3E6924492}.Release|x64.Build.0 = Release|Any CPU
		{05DFCB99-E7A1-40C5-ACE2-A6F3E6924492}.Release|x86.ActiveCfg = Release|Any CPU
		{05DFCB99-E7A1-40C5-ACE2-A6F3E6924492}.Release|x86.Build.0 = Release|Any CPU
		{1953C2A6-88A9-596C-A360-C6838F2C55A1}.Debug|Any CPU.ActiveCfg = Debug|Any CPU
		{1953C2A6-88A9-596C-A360-C6838F2C55A1}.Debug|Any CPU.Build.0 = Debug|Any CPU
		{1953C2A6-88A9-596C-A360-C6838F2C55A1}.Debug|x64.ActiveCfg = Debug|Any CPU
		{1953C2A6-88A9-596C-A360-C6838F2C55A1}.Debug|x64.Build.0 = Debug|Any CPU
		{1953C2A6-88A9-596C-A360-C6838F2C55A1}.Debug|x86.ActiveCfg = Debug|Any CPU
		{1953C2A6-88A9-596C-A360-C6838F2C55A1}.Debug|x86.Build.0 = Debug|Any CPU
		{1953C2A6-88A9-596C-A360-C6838F2C55A1}.Release|Any CPU.ActiveCfg = Release|Any CPU
		{1953C2A6-88A9-596C-A360-C6838F2C55A1}.Release|Any CPU.Build.0 = Release|Any CPU
		{1953C2A6-88A9-596C-A360-C6838F2C55A1}.Release|x64.ActiveCfg = Release|Any CPU
		{1953C2A6-88A9-596C-A360-C6838F2C55A1}.Release|x64.Build.0 = Release|Any CPU
		{1953C2A6-88A9-596C-A360-C6838F2C55A1}.Release|x86.ActiveCfg = Release|Any CPU
		{1953C2A6-88A9-596C-A360-C6838F2C55A1}.Release|x86.Build.0 = Release|Any CPU
		{1EDB9439-2A86-4B42-8C8A-7EA0B7703148}.Debug|Any CPU.ActiveCfg = Debug|Any CPU
		{1EDB9439-2A86-4B42-8C8A-7EA0B7703148}.Debug|Any CPU.Build.0 = Debug|Any CPU
		{1EDB9439-2A86-4B42-8C8A-7EA0B7703148}.Debug|x64.ActiveCfg = Debug|Any CPU
		{1EDB9439-2A86-4B42-8C8A-7EA0B7703148}.Debug|x64.Build.0 = Debug|Any CPU
		{1EDB9439-2A86-4B42-8C8A-7EA0B7703148}.Debug|x86.ActiveCfg = Debug|Any CPU
		{1EDB9439-2A86-4B42-8C8A-7EA0B7703148}.Debug|x86.Build.0 = Debug|Any CPU
		{1EDB9439-2A86-4B42-8C8A-7EA0B7703148}.Release|Any CPU.ActiveCfg = Release|Any CPU
		{1EDB9439-2A86-4B42-8C8A-7EA0B7703148}.Release|Any CPU.Build.0 = Release|Any CPU
		{1EDB9439-2A86-4B42-8C8A-7EA0B7703148}.Release|x64.ActiveCfg = Release|Any CPU
		{1EDB9439-2A86-4B42-8C8A-7EA0B7703148}.Release|x64.Build.0 = Release|Any CPU
		{1EDB9439-2A86-4B42-8C8A-7EA0B7703148}.Release|x86.ActiveCfg = Release|Any CPU
		{1EDB9439-2A86-4B42-8C8A-7EA0B7703148}.Release|x86.Build.0 = Release|Any CPU
		{0D9AAC70-E702-4CDB-B01B-86EA798FD368}.Debug|Any CPU.ActiveCfg = Debug|Any CPU
		{0D9AAC70-E702-4CDB-B01B-86EA798FD368}.Debug|Any CPU.Build.0 = Debug|Any CPU
		{0D9AAC70-E702-4CDB-B01B-86EA798FD368}.Debug|x64.ActiveCfg = Debug|Any CPU
		{0D9AAC70-E702-4CDB-B01B-86EA798FD368}.Debug|x64.Build.0 = Debug|Any CPU
		{0D9AAC70-E702-4CDB-B01B-86EA798FD368}.Debug|x86.ActiveCfg = Debug|Any CPU
		{0D9AAC70-E702-4CDB-B01B-86EA798FD368}.Debug|x86.Build.0 = Debug|Any CPU
		{0D9AAC70-E702-4CDB-B01B-86EA798FD368}.Release|Any CPU.ActiveCfg = Release|Any CPU
		{0D9AAC70-E702-4CDB-B01B-86EA798FD368}.Release|Any CPU.Build.0 = Release|Any CPU
		{0D9AAC70-E702-4CDB-B01B-86EA798FD368}.Release|x64.ActiveCfg = Release|Any CPU
		{0D9AAC70-E702-4CDB-B01B-86EA798FD368}.Release|x64.Build.0 = Release|Any CPU
		{0D9AAC70-E702-4CDB-B01B-86EA798FD368}.Release|x86.ActiveCfg = Release|Any CPU
		{0D9AAC70-E702-4CDB-B01B-86EA798FD368}.Release|x86.Build.0 = Release|Any CPU
		{E1934447-E8C7-4FEE-8BC0-D9BEE3285C0F}.Debug|Any CPU.ActiveCfg = Debug|Any CPU
		{E1934447-E8C7-4FEE-8BC0-D9BEE3285C0F}.Debug|Any CPU.Build.0 = Debug|Any CPU
		{E1934447-E8C7-4FEE-8BC0-D9BEE3285C0F}.Debug|x64.ActiveCfg = Debug|Any CPU
		{E1934447-E8C7-4FEE-8BC0-D9BEE3285C0F}.Debug|x64.Build.0 = Debug|Any CPU
		{E1934447-E8C7-4FEE-8BC0-D9BEE3285C0F}.Debug|x86.ActiveCfg = Debug|Any CPU
		{E1934447-E8C7-4FEE-8BC0-D9BEE3285C0F}.Debug|x86.Build.0 = Debug|Any CPU
		{E1934447-E8C7-4FEE-8BC0-D9BEE3285C0F}.Release|Any CPU.ActiveCfg = Release|Any CPU
		{E1934447-E8C7-4FEE-8BC0-D9BEE3285C0F}.Release|Any CPU.Build.0 = Release|Any CPU
		{E1934447-E8C7-4FEE-8BC0-D9BEE3285C0F}.Release|x64.ActiveCfg = Release|Any CPU
		{E1934447-E8C7-4FEE-8BC0-D9BEE3285C0F}.Release|x64.Build.0 = Release|Any CPU
		{E1934447-E8C7-4FEE-8BC0-D9BEE3285C0F}.Release|x86.ActiveCfg = Release|Any CPU
		{E1934447-E8C7-4FEE-8BC0-D9BEE3285C0F}.Release|x86.Build.0 = Release|Any CPU
	EndGlobalSection
	GlobalSection(SolutionProperties) = preSolution
		HideSolutionNode = FALSE
	EndGlobalSection
	GlobalSection(NestedProjects) = preSolution
		{0D6FB8FF-B66B-5DBB-9E25-1C48D414F1C9} = {3754403B-BDFD-5629-8A91-4A0D7134CE11}
		{8D36ABBF-9F53-52F9-B14B-03071646DCC9} = {0D6FB8FF-B66B-5DBB-9E25-1C48D414F1C9}
		{2E43DDEB-85D7-40A2-BC6F-32BB12029CEC} = {8D36ABBF-9F53-52F9-B14B-03071646DCC9}
		{3F940E4C-403D-53BF-AC64-27CD2D6B6B5B} = {8D36ABBF-9F53-52F9-B14B-03071646DCC9}
		{738F998A-49CB-5D99-907A-45DBA317CE35} = {0D6FB8FF-B66B-5DBB-9E25-1C48D414F1C9}
		{4AE4075C-E445-4A73-BDEB-9DFE3B2D4771} = {738F998A-49CB-5D99-907A-45DBA317CE35}
		{D430A3B8-AD46-505E-98C0-2EDC023742BA} = {738F998A-49CB-5D99-907A-45DBA317CE35}
		{60BFF45D-AC0A-515A-9EB3-02BA3838B261} = {0D6FB8FF-B66B-5DBB-9E25-1C48D414F1C9}
		{7C746E04-7258-4A2E-978E-9C65F1C74689} = {60BFF45D-AC0A-515A-9EB3-02BA3838B261}
		{F8EB0F8C-D84E-565F-87EF-BE9D494E69D5} = {60BFF45D-AC0A-515A-9EB3-02BA3838B261}
		{B0389257-135A-589B-9B19-09740DCE95DE} = {0D6FB8FF-B66B-5DBB-9E25-1C48D414F1C9}
		{95941FB4-E5D4-4AA7-B607-E324F7FA7B31} = {B0389257-135A-589B-9B19-09740DCE95DE}
		{A0A11ADE-DEA9-5939-A25F-93B8EB83BEA7} = {B0389257-135A-589B-9B19-09740DCE95DE}
		{1729A9EB-DE64-414E-886F-3B0B47115067} = {B0389257-135A-589B-9B19-09740DCE95DE}
		{1B2C301D-8E67-5506-AC5C-E762D6A8B4D9} = {0D6FB8FF-B66B-5DBB-9E25-1C48D414F1C9}
		{05DFCB99-E7A1-40C5-ACE2-A6F3E6924492} = {1B2C301D-8E67-5506-AC5C-E762D6A8B4D9}
		{1953C2A6-88A9-596C-A360-C6838F2C55A1} = {1B2C301D-8E67-5506-AC5C-E762D6A8B4D9}
		{D59B7EEC-1A59-5800-9CA8-A46A3399B30A} = {0D6FB8FF-B66B-5DBB-9E25-1C48D414F1C9}
		{1EDB9439-2A86-4B42-8C8A-7EA0B7703148} = {D59B7EEC-1A59-5800-9CA8-A46A3399B30A}
		{0D9AAC70-E702-4CDB-B01B-86EA798FD368} = {D59B7EEC-1A59-5800-9CA8-A46A3399B30A}
		{E1934447-E8C7-4FEE-8BC0-D9BEE3285C0F} = {D59B7EEC-1A59-5800-9CA8-A46A3399B30A}
	EndGlobalSection
EndGlobal
