
Microsoft Visual Studio Solution File, Format Version 12.00
# Copyright 2026 Stephan Schlöpke
# SPDX-License-Identifier: Apache-2.0
VisualStudioVersion = 17.0.31903.59
MinimumVisualStudioVersion = 10.0.40219.1
Project("{2150E333-8FDC-42A3-9474-1A3956D46DE8}") = "implementation", "implementation", "{D596A9B8-B564-04A1-0652-AF983A8D2206}"
EndProject
Project("{2150E333-8FDC-42A3-9474-1A3956D46DE8}") = "csharp", "csharp", "{06BB3288-E347-B2E0-C7F5-FEAA4FC752AC}"
EndProject
Project("{2150E333-8FDC-42A3-9474-1A3956D46DE8}") = "src", "src", "{8134A286-E9FF-87CC-ECF8-244F31C8CB00}"
EndProject
Project("{FAE04EC0-301F-11D3-BF4B-00C04F79EFBC}") = "StepH.GameEventScript", "implementation\csharp\src\StepH.GameEventScript\StepH.GameEventScript.csproj", "{2E43DDEB-85D7-40A2-BC6F-32BB12029CEC}"
EndProject
Project("{FAE04EC0-301F-11D3-BF4B-00C04F79EFBC}") = "StepH.GameEventScript.CSharpBridge", "implementation\csharp\src\StepH.GameEventScript.CSharpBridge\StepH.GameEventScript.CSharpBridge.csproj", "{7C746E04-7258-4A2E-978E-9C65F1C74689}"
EndProject
Project("{FAE04EC0-301F-11D3-BF4B-00C04F79EFBC}") = "StepH.GameEventScript.Conformance", "implementation\csharp\src\StepH.GameEventScript.Conformance\StepH.GameEventScript.Conformance.csproj", "{95941FB4-E5D4-4AA7-B607-E324F7FA7B31}"
EndProject
Project("{2150E333-8FDC-42A3-9474-1A3956D46DE8}") = "tests", "tests", "{F33FEF7E-C1E0-826D-2307-BC8AE74F3057}"
EndProject
Project("{FAE04EC0-301F-11D3-BF4B-00C04F79EFBC}") = "StepH.GameEventScript.Tests", "implementation\csharp\tests\StepH.GameEventScript.Tests\StepH.GameEventScript.Tests.csproj", "{1EDB9439-2A86-4B42-8C8A-7EA0B7703148}"
EndProject
Project("{2150E333-8FDC-42A3-9474-1A3956D46DE8}") = "tools", "tools", "{E57CA560-02C8-014B-F406-CB1A60B03E94}"
EndProject
Project("{FAE04EC0-301F-11D3-BF4B-00C04F79EFBC}") = "StepH.GameEventScript.PackageTool", "implementation\csharp\tools\StepH.GameEventScript.PackageTool\StepH.GameEventScript.PackageTool.csproj", "{E1934447-E8C7-4FEE-8BC0-D9BEE3285C0F}"
EndProject
Project("{FAE04EC0-301F-11D3-BF4B-00C04F79EFBC}") = "StepH.GameEventScript.Conformance.Worker", "implementation\csharp\tests\StepH.GameEventScript.Conformance.Worker\StepH.GameEventScript.Conformance.Worker.csproj", "{1729A9EB-DE64-414E-886F-3B0B47115067}"
EndProject
Project("{FAE04EC0-301F-11D3-BF4B-00C04F79EFBC}") = "StepH.GameEventScript.Tool", "implementation\csharp\tools\StepH.GameEventScript.Tool\StepH.GameEventScript.Tool.csproj", "{05DFCB99-E7A1-40C5-ACE2-A6F3E6924492}"
EndProject
Project("{FAE04EC0-301F-11D3-BF4B-00C04F79EFBC}") = "StepH.GameEventScript.Compiler", "implementation\csharp\src\StepH.GameEventScript.Compiler\StepH.GameEventScript.Compiler.csproj", "{4AE4075C-E445-4A73-BDEB-9DFE3B2D4771}"
EndProject
Project("{FAE04EC0-301F-11D3-BF4B-00C04F79EFBC}") = "StepH.GameEventScript.RuntimeConsumer", "implementation\csharp\tests\StepH.GameEventScript.RuntimeConsumer\StepH.GameEventScript.RuntimeConsumer.csproj", "{0D9AAC70-E702-4CDB-B01B-86EA798FD368}"
EndProject
Global
	GlobalSection(SolutionConfigurationPlatforms) = preSolution
		Debug|Any CPU = Debug|Any CPU
		Debug|x64 = Debug|x64
		Debug|x86 = Debug|x86
		Release|Any CPU = Release|Any CPU
		Release|x64 = Release|x64
		Release|x86 = Release|x86
	EndGlobalSection
	GlobalSection(ProjectConfigurationPlatforms) = postSolution
		{1729A9EB-DE64-414E-886F-3B0B47115067}.Debug|Any CPU.ActiveCfg = Debug|Any CPU
		{1729A9EB-DE64-414E-886F-3B0B47115067}.Debug|Any CPU.Build.0 = Debug|Any CPU
		{1729A9EB-DE64-414E-886F-3B0B47115067}.Debug|x64.ActiveCfg = Debug|Any CPU
		{1729A9EB-DE64-414E-886F-3B0B47115067}.Debug|x64.Build.0 = Debug|Any CPU
		{1729A9EB-DE64-414E-886F-3B0B47115067}.Debug|x86.ActiveCfg = Debug|Any CPU
		{1729A9EB-DE64-414E-886F-3B0B47115067}.Debug|x86.Build.0 = Debug|Any CPU
		{1729A9EB-DE64-414E-886F-3B0B47115067}.Release|Any CPU.ActiveCfg = Release|Any CPU
		{1729A9EB-DE64-414E-886F-3B0B47115067}.Release|Any CPU.Build.0 = Release|Any CPU
		{1729A9EB-DE64-414E-886F-3B0B47115067}.Release|x64.ActiveCfg = Release|Any CPU
		{1729A9EB-DE64-414E-886F-3B0B47115067}.Release|x64.Build.0 = Release|Any CPU
		{1729A9EB-DE64-414E-886F-3B0B47115067}.Release|x86.ActiveCfg = Release|Any CPU
		{1729A9EB-DE64-414E-886F-3B0B47115067}.Release|x86.Build.0 = Release|Any CPU
		{2E43DDEB-85D7-40A2-BC6F-32BB12029CEC}.Debug|Any CPU.ActiveCfg = Debug|Any CPU
		{2E43DDEB-85D7-40A2-BC6F-32BB12029CEC}.Debug|Any CPU.Build.0 = Debug|Any CPU
		{2E43DDEB-85D7-40A2-BC6F-32BB12029CEC}.Debug|x64.ActiveCfg = Debug|Any CPU
		{2E43DDEB-85D7-40A2-BC6F-32BB12029CEC}.Debug|x64.Build.0 = Debug|Any CPU
		{2E43DDEB-85D7-40A2-BC6F-32BB12029CEC}.Debug|x86.ActiveCfg = Debug|Any CPU
		{2E43DDEB-85D7-40A2-BC6F-32BB12029CEC}.Debug|x86.Build.0 = Debug|Any CPU
		{2E43DDEB-85D7-40A2-BC6F-32BB12029CEC}.Release|Any CPU.ActiveCfg = Release|Any CPU
		{2E43DDEB-85D7-40A2-BC6F-32BB12029CEC}.Release|Any CPU.Build.0 = Release|Any CPU
		{2E43DDEB-85D7-40A2-BC6F-32BB12029CEC}.Release|x64.ActiveCfg = Release|Any CPU
		{2E43DDEB-85D7-40A2-BC6F-32BB12029CEC}.Release|x64.Build.0 = Release|Any CPU
		{2E43DDEB-85D7-40A2-BC6F-32BB12029CEC}.Release|x86.ActiveCfg = Release|Any CPU
		{2E43DDEB-85D7-40A2-BC6F-32BB12029CEC}.Release|x86.Build.0 = Release|Any CPU
		{7C746E04-7258-4A2E-978E-9C65F1C74689}.Debug|Any CPU.ActiveCfg = Debug|Any CPU
		{7C746E04-7258-4A2E-978E-9C65F1C74689}.Debug|Any CPU.Build.0 = Debug|Any CPU
		{7C746E04-7258-4A2E-978E-9C65F1C74689}.Debug|x64.ActiveCfg = Debug|Any CPU
		{7C746E04-7258-4A2E-978E-9C65F1C74689}.Debug|x64.Build.0 = Debug|Any CPU
		{7C746E04-7258-4A2E-978E-9C65F1C74689}.Debug|x86.ActiveCfg = Debug|Any CPU
		{7C746E04-7258-4A2E-978E-9C65F1C74689}.Debug|x86.Build.0 = Debug|Any CPU
		{7C746E04-7258-4A2E-978E-9C65F1C74689}.Release|Any CPU.ActiveCfg = Release|Any CPU
		{7C746E04-7258-4A2E-978E-9C65F1C74689}.Release|Any CPU.Build.0 = Release|Any CPU
		{7C746E04-7258-4A2E-978E-9C65F1C74689}.Release|x64.ActiveCfg = Release|Any CPU
		{7C746E04-7258-4A2E-978E-9C65F1C74689}.Release|x64.Build.0 = Release|Any CPU
		{7C746E04-7258-4A2E-978E-9C65F1C74689}.Release|x86.ActiveCfg = Release|Any CPU
		{7C746E04-7258-4A2E-978E-9C65F1C74689}.Release|x86.Build.0 = Release|Any CPU
		{95941FB4-E5D4-4AA7-B607-E324F7FA7B31}.Debug|Any CPU.ActiveCfg = Debug|Any CPU
		{95941FB4-E5D4-4AA7-B607-E324F7FA7B31}.Debug|Any CPU.Build.0 = Debug|Any CPU
		{95941FB4-E5D4-4AA7-B607-E324F7FA7B31}.Debug|x64.ActiveCfg = Debug|Any CPU
		{95941FB4-E5D4-4AA7-B607-E324F7FA7B31}.Debug|x64.Build.0 = Debug|Any CPU
		{95941FB4-E5D4-4AA7-B607-E324F7FA7B31}.Debug|x86.ActiveCfg = Debug|Any CPU
		{95941FB4-E5D4-4AA7-B607-E324F7FA7B31}.Debug|x86.Build.0 = Debug|Any CPU
		{95941FB4-E5D4-4AA7-B607-E324F7FA7B31}.Release|Any CPU.ActiveCfg = Release|Any CPU
		{95941FB4-E5D4-4AA7-B607-E324F7FA7B31}.Release|Any CPU.Build.0 = Release|Any CPU
		{95941FB4-E5D4-4AA7-B607-E324F7FA7B31}.Release|x64.ActiveCfg = Release|Any CPU
		{95941FB4-E5D4-4AA7-B607-E324F7FA7B31}.Release|x64.Build.0 = Release|Any CPU
		{95941FB4-E5D4-4AA7-B607-E324F7FA7B31}.Release|x86.ActiveCfg = Release|Any CPU
		{95941FB4-E5D4-4AA7-B607-E324F7FA7B31}.Release|x86.Build.0 = Release|Any CPU
		{1EDB9439-2A86-4B42-8C8A-7EA0B7703148}.Debug|Any CPU.ActiveCfg = Debug|Any CPU
		{1EDB9439-2A86-4B42-8C8A-7EA0B7703148}.Debug|Any CPU.Build.0 = Debug|Any CPU
		{1EDB9439-2A86-4B42-8C8A-7EA0B7703148}.Debug|x64.ActiveCfg = Debug|Any CPU
		{1EDB9439-2A86-4B42-8C8A-7EA0B7703148}.Debug|x64.Build.0 = Debug|Any CPU
		{1EDB9439-2A86-4B42-8C8A-7EA0B7703148}.Debug|x86.ActiveCfg = Debug|Any CPU
		{1EDB9439-2A86-4B42-8C8A-7EA0B7703148}.Debug|x86.Build.0 = Debug|Any CPU
		{1EDB9439-2A86-4B42-8C8A-7EA0B7703148}.Release|Any CPU.ActiveCfg = Release|Any CPU
		{1EDB9439-2A86-4B42-8C8A-7EA0B7703148}.Release|Any CPU.Build.0 = Release|Any CPU
		{1EDB9439-2A86-4B42-8C8A-7EA0B7703148}.Release|x64.ActiveCfg = Release|Any CPU
		{1EDB9439-2A86-4B42-8C8A-7EA0B7703148}.Release|x64.Build.0 = Release|Any CPU
		{1EDB9439-2A86-4B42-8C8A-7EA0B7703148}.Release|x86.ActiveCfg = Release|Any CPU
		{1EDB9439-2A86-4B42-8C8A-7EA0B7703148}.Release|x86.Build.0 = Release|Any CPU
		{E1934447-E8C7-4FEE-8BC0-D9BEE3285C0F}.Debug|Any CPU.ActiveCfg = Debug|Any CPU
		{E1934447-E8C7-4FEE-8BC0-D9BEE3285C0F}.Debug|Any CPU.Build.0 = Debug|Any CPU
		{E1934447-E8C7-4FEE-8BC0-D9BEE3285C0F}.Debug|x64.ActiveCfg = Debug|Any CPU
		{E1934447-E8C7-4FEE-8BC0-D9BEE3285C0F}.Debug|x64.Build.0 = Debug|Any CPU
		{E1934447-E8C7-4FEE-8BC0-D9BEE3285C0F}.Debug|x86.ActiveCfg = Debug|Any CPU
		{E1934447-E8C7-4FEE-8BC0-D9BEE3285C0F}.Debug|x86.Build.0 = Debug|Any CPU
		{E1934447-E8C7-4FEE-8BC0-D9BEE3285C0F}.Release|Any CPU.ActiveCfg = Release|Any CPU
		{E1934447-E8C7-4FEE-8BC0-D9BEE3285C0F}.Release|Any CPU.Build.0 = Release|Any CPU
		{E1934447-E8C7-4FEE-8BC0-D9BEE3285C0F}.Release|x64.ActiveCfg = Release|Any CPU
		{E1934447-E8C7-4FEE-8BC0-D9BEE3285C0F}.Release|x64.Build.0 = Release|Any CPU
		{E1934447-E8C7-4FEE-8BC0-D9BEE3285C0F}.Release|x86.ActiveCfg = Release|Any CPU
		{E1934447-E8C7-4FEE-8BC0-D9BEE3285C0F}.Release|x86.Build.0 = Release|Any CPU
		{05DFCB99-E7A1-40C5-ACE2-A6F3E6924492}.Debug|Any CPU.ActiveCfg = Debug|Any CPU
		{05DFCB99-E7A1-40C5-ACE2-A6F3E6924492}.Debug|Any CPU.Build.0 = Debug|Any CPU
		{05DFCB99-E7A1-40C5-ACE2-A6F3E6924492}.Debug|x64.ActiveCfg = Debug|Any CPU
		{05DFCB99-E7A1-40C5-ACE2-A6F3E6924492}.Debug|x64.Build.0 = Debug|Any CPU
		{05DFCB99-E7A1-40C5-ACE2-A6F3E6924492}.Debug|x86.ActiveCfg = Debug|Any CPU
		{05DFCB99-E7A1-40C5-ACE2-A6F3E6924492}.Debug|x86.Build.0 = Debug|Any CPU
		{05DFCB99-E7A1-40C5-ACE2-A6F3E6924492}.Release|Any CPU.ActiveCfg = Release|Any CPU
		{05DFCB99-E7A1-40C5-ACE2-A6F3E6924492}.Release|Any CPU.Build.0 = Release|Any CPU
		{05DFCB99-E7A1-40C5-ACE2-A6F3E6924492}.Release|x64.ActiveCfg = Release|Any CPU
		{05DFCB99-E7A1-40C5-ACE2-A6F3E6924492}.Release|x64.Build.0 = Release|Any CPU
		{05DFCB99-E7A1-40C5-ACE2-A6F3E6924492}.Release|x86.ActiveCfg = Release|Any CPU
		{05DFCB99-E7A1-40C5-ACE2-A6F3E6924492}.Release|x86.Build.0 = Release|Any CPU
		{4AE4075C-E445-4A73-BDEB-9DFE3B2D4771}.Debug|Any CPU.ActiveCfg = Debug|Any CPU
		{4AE4075C-E445-4A73-BDEB-9DFE3B2D4771}.Debug|Any CPU.Build.0 = Debug|Any CPU
		{4AE4075C-E445-4A73-BDEB-9DFE3B2D4771}.Debug|x64.ActiveCfg = Debug|Any CPU
		{4AE4075C-E445-4A73-BDEB-9DFE3B2D4771}.Debug|x64.Build.0 = Debug|Any CPU
		{4AE4075C-E445-4A73-BDEB-9DFE3B2D4771}.Debug|x86.ActiveCfg = Debug|Any CPU
		{4AE4075C-E445-4A73-BDEB-9DFE3B2D4771}.Debug|x86.Build.0 = Debug|Any CPU
		{4AE4075C-E445-4A73-BDEB-9DFE3B2D4771}.Release|Any CPU.ActiveCfg = Release|Any CPU
		{4AE4075C-E445-4A73-BDEB-9DFE3B2D4771}.Release|Any CPU.Build.0 = Release|Any CPU
		{4AE4075C-E445-4A73-BDEB-9DFE3B2D4771}.Release|x64.ActiveCfg = Release|Any CPU
		{4AE4075C-E445-4A73-BDEB-9DFE3B2D4771}.Release|x64.Build.0 = Release|Any CPU
		{4AE4075C-E445-4A73-BDEB-9DFE3B2D4771}.Release|x86.ActiveCfg = Release|Any CPU
		{4AE4075C-E445-4A73-BDEB-9DFE3B2D4771}.Release|x86.Build.0 = Release|Any CPU
		{0D9AAC70-E702-4CDB-B01B-86EA798FD368}.Debug|Any CPU.ActiveCfg = Debug|Any CPU
		{0D9AAC70-E702-4CDB-B01B-86EA798FD368}.Debug|Any CPU.Build.0 = Debug|Any CPU
		{0D9AAC70-E702-4CDB-B01B-86EA798FD368}.Debug|x64.ActiveCfg = Debug|Any CPU
		{0D9AAC70-E702-4CDB-B01B-86EA798FD368}.Debug|x64.Build.0 = Debug|Any CPU
		{0D9AAC70-E702-4CDB-B01B-86EA798FD368}.Debug|x86.ActiveCfg = Debug|Any CPU
		{0D9AAC70-E702-4CDB-B01B-86EA798FD368}.Debug|x86.Build.0 = Debug|Any CPU
		{0D9AAC70-E702-4CDB-B01B-86EA798FD368}.Release|Any CPU.ActiveCfg = Release|Any CPU
		{0D9AAC70-E702-4CDB-B01B-86EA798FD368}.Release|Any CPU.Build.0 = Release|Any CPU
		{0D9AAC70-E702-4CDB-B01B-86EA798FD368}.Release|x64.ActiveCfg = Release|Any CPU
		{0D9AAC70-E702-4CDB-B01B-86EA798FD368}.Release|x64.Build.0 = Release|Any CPU
		{0D9AAC70-E702-4CDB-B01B-86EA798FD368}.Release|x86.ActiveCfg = Release|Any CPU
		{0D9AAC70-E702-4CDB-B01B-86EA798FD368}.Release|x86.Build.0 = Release|Any CPU
	EndGlobalSection
	GlobalSection(SolutionProperties) = preSolution
		HideSolutionNode = FALSE
	EndGlobalSection
	GlobalSection(NestedProjects) = preSolution
		{1729A9EB-DE64-414E-886F-3B0B47115067} = {F33FEF7E-C1E0-826D-2307-BC8AE74F3057}
		{06BB3288-E347-B2E0-C7F5-FEAA4FC752AC} = {D596A9B8-B564-04A1-0652-AF983A8D2206}
		{8134A286-E9FF-87CC-ECF8-244F31C8CB00} = {06BB3288-E347-B2E0-C7F5-FEAA4FC752AC}
		{2E43DDEB-85D7-40A2-BC6F-32BB12029CEC} = {8134A286-E9FF-87CC-ECF8-244F31C8CB00}
		{7C746E04-7258-4A2E-978E-9C65F1C74689} = {8134A286-E9FF-87CC-ECF8-244F31C8CB00}
		{95941FB4-E5D4-4AA7-B607-E324F7FA7B31} = {8134A286-E9FF-87CC-ECF8-244F31C8CB00}
		{F33FEF7E-C1E0-826D-2307-BC8AE74F3057} = {06BB3288-E347-B2E0-C7F5-FEAA4FC752AC}
		{1EDB9439-2A86-4B42-8C8A-7EA0B7703148} = {F33FEF7E-C1E0-826D-2307-BC8AE74F3057}
		{E57CA560-02C8-014B-F406-CB1A60B03E94} = {06BB3288-E347-B2E0-C7F5-FEAA4FC752AC}
		{E1934447-E8C7-4FEE-8BC0-D9BEE3285C0F} = {E57CA560-02C8-014B-F406-CB1A60B03E94}
		{05DFCB99-E7A1-40C5-ACE2-A6F3E6924492} = {E57CA560-02C8-014B-F406-CB1A60B03E94}
		{4AE4075C-E445-4A73-BDEB-9DFE3B2D4771} = {8134A286-E9FF-87CC-ECF8-244F31C8CB00}
		{0D9AAC70-E702-4CDB-B01B-86EA798FD368} = {F33FEF7E-C1E0-826D-2307-BC8AE74F3057}
	EndGlobalSection
EndGlobal
